# THIS IS AN AUTOGENERATED FILE. DO NOT EDIT THIS FILE DIRECTLY.
# yarn lockfile v1


"@polymer/iron-flex-layout@^3.0.0-pre.21":
  version "3.0.0-pre.21"
  resolved "https://registry.yarnpkg.com/@polymer/iron-flex-layout/-/iron-flex-layout-3.0.0-pre.21.tgz#064bccb85ec2091b66366970e8867d3de7bb273d"
  dependencies:
    "@polymer/polymer" "^3.0.0"

"@polymer/iron-icon@^3.0.0-pre.12", "@polymer/iron-icon@^3.0.0-pre.21":
  version "3.0.0-pre.21"
  resolved "https://registry.yarnpkg.com/@polymer/iron-icon/-/iron-icon-3.0.0-pre.21.tgz#5ef3e483f02823778e99c1b5e16ddac472b5dce5"
  dependencies:
    "@polymer/iron-flex-layout" "^3.0.0-pre.21"
    "@polymer/iron-meta" "^3.0.0-pre.21"
    "@polymer/polymer" "^3.0.0"

"@polymer/iron-icons@^3.0.0-pre.12":
  version "3.0.0-pre.21"
  resolved "https://registry.yarnpkg.com/@polymer/iron-icons/-/iron-icons-3.0.0-pre.21.tgz#71cfd157b21f55a931bcc101650aab15825010e4"
  dependencies:
    "@polymer/iron-icon" "^3.0.0-pre.21"
    "@polymer/iron-iconset-svg" "^3.0.0-pre.21"
    "@polymer/polymer" "^3.0.0"

"@polymer/iron-iconset-svg@^3.0.0-pre.21":
  version "3.0.0-pre.21"
  resolved "https://registry.yarnpkg.com/@polymer/iron-iconset-svg/-/iron-iconset-svg-3.0.0-pre.21.tgz#1248f341837789801a9000cdd3b3453b59f91021"
  dependencies:
    "@polymer/iron-meta" "^3.0.0-pre.21"
    "@polymer/polymer" "^3.0.0"

"@polymer/iron-meta@^3.0.0-pre.21":
  version "3.0.0-pre.21"
  resolved "https://registry.yarnpkg.com/@polymer/iron-meta/-/iron-meta-3.0.0-pre.21.tgz#e74ab386a1b490031e329f7ec032316bec24fa2a"
  dependencies:
    "@polymer/polymer" "^3.0.0"

"@polymer/polymer@^3.0.0", "@polymer/polymer@^3.0.0-pre.12":
  version "3.0.5"
  resolved "https://registry.yarnpkg.com/@polymer/polymer/-/polymer-3.0.5.tgz#eaa42e70df7de818b5e1839452c82a5f83e39929"
  dependencies:
    "@webcomponents/shadycss" "^1.2.0"

"@webcomponents/shadycss@^1.2.0":
  version "1.4.0"
  resolved "https://registry.yarnpkg.com/@webcomponents/shadycss/-/shadycss-1.4.0.tgz#2b2b66443252f81d02ebb2dd139e4a717655bfa9"

"@webcomponents/webcomponentsjs@1.0.20", "@webcomponents/webcomponentsjs@^1.0.20":
  version "1.0.20"
  resolved "https://registry.yarnpkg.com/@webcomponents/webcomponentsjs/-/webcomponentsjs-1.0.20.tgz#bac97c9709a3130241da4c2c85710e1dc8775b1c"
