# THIS IS AN AUTOGENERATED FILE. DO NOT EDIT THIS FILE DIRECTLY.
# yarn lockfile v1


"@polymer/app-route@^3.0.0-pre.20":
  version "3.0.0-pre.20"
  resolved "https://registry.yarnpkg.com/@polymer/app-route/-/app-route-3.0.0-pre.20.tgz#c644aa0c45849b0bc3f7aa71e6084270f05f6d4b"
  dependencies:
    "@polymer/iron-location" "^3.0.0-pre.20"
    "@polymer/polymer" "^3.0.0"

"@polymer/font-roboto@^3.0.0-pre.21":
  version "3.0.0-pre.21"
  resolved "https://registry.yarnpkg.com/@polymer/font-roboto/-/font-roboto-3.0.0-pre.21.tgz#65674464138a51f57cfdfd043e394d8fe75990b3"

"@polymer/iron-a11y-announcer@^3.0.0-pre.21":
  version "3.0.0-pre.21"
  resolved "https://registry.yarnpkg.com/@polymer/iron-a11y-announcer/-/iron-a11y-announcer-3.0.0-pre.21.tgz#717cfd1b34f281c2085ad6b45ecd724bd2ae6d84"
  dependencies:
    "@polymer/polymer" "^3.0.0"

"@polymer/iron-a11y-keys-behavior@^3.0.0-pre.21":
  version "3.0.0-pre.21"
  resolved "https://registry.yarnpkg.com/@polymer/iron-a11y-keys-behavior/-/iron-a11y-keys-behavior-3.0.0-pre.21.tgz#4b79ebfea1fb59225c00a6d9b360df7ed2696c19"
  dependencies:
    "@polymer/polymer" "^3.0.0"

"@polymer/iron-autogrow-textarea@^3.0.0-pre.21":
  version "3.0.0-pre.21"
  resolved "https://registry.yarnpkg.com/@polymer/iron-autogrow-textarea/-/iron-autogrow-textarea-3.0.0-pre.21.tgz#4091125483fb712f8ef3b3daf16039d9dd10ce77"
  dependencies:
    "@polymer/iron-behaviors" "^3.0.0-pre.21"
    "@polymer/iron-flex-layout" "^3.0.0-pre.21"
    "@polymer/iron-validatable-behavior" "^3.0.0-pre.21"
    "@polymer/polymer" "^3.0.0"

"@polymer/iron-behaviors@^3.0.0-pre.21":
  version "3.0.0-pre.21"
  resolved "https://registry.yarnpkg.com/@polymer/iron-behaviors/-/iron-behaviors-3.0.0-pre.21.tgz#47ea698ccf02842d4ac7a24dcdef06db8a8d9892"
  dependencies:
    "@polymer/iron-a11y-keys-behavior" "^3.0.0-pre.21"
    "@polymer/polymer" "^3.0.0"

"@polymer/iron-checked-element-behavior@^3.0.0-pre.21":
  version "3.0.0-pre.21"
  resolved "https://registry.yarnpkg.com/@polymer/iron-checked-element-behavior/-/iron-checked-element-behavior-3.0.0-pre.21.tgz#778c66d07e8273299700ebd53fb849fd65d4b3a6"
  dependencies:
    "@polymer/iron-form-element-behavior" "^3.0.0-pre.21"
    "@polymer/iron-validatable-behavior" "^3.0.0-pre.21"
    "@polymer/polymer" "^3.0.0"

"@polymer/iron-dropdown@^3.0.0-pre.21":
  version "3.0.0-pre.21"
  resolved "https://registry.yarnpkg.com/@polymer/iron-dropdown/-/iron-dropdown-3.0.0-pre.21.tgz#8393426d62f40a1a90b1a56d7394c6e6c7411f19"
  dependencies:
    "@polymer/iron-behaviors" "^3.0.0-pre.21"
    "@polymer/iron-overlay-behavior" "^3.0.0-pre.21"
    "@polymer/neon-animation" "^3.0.0-pre.21"
    "@polymer/polymer" "^3.0.0"

"@polymer/iron-fit-behavior@^3.0.0-pre.21":
  version "3.0.0-pre.21"
  resolved "https://registry.yarnpkg.com/@polymer/iron-fit-behavior/-/iron-fit-behavior-3.0.0-pre.21.tgz#c82f545b0ddef2afe95365ff4d4aab21bbf6e766"
  dependencies:
    "@polymer/polymer" "^3.0.0"

"@polymer/iron-flex-layout@^3.0.0-pre.21":
  version "3.0.0-pre.21"
  resolved "https://registry.yarnpkg.com/@polymer/iron-flex-layout/-/iron-flex-layout-3.0.0-pre.21.tgz#064bccb85ec2091b66366970e8867d3de7bb273d"
  dependencies:
    "@polymer/polymer" "^3.0.0"

"@polymer/iron-form-element-behavior@^3.0.0-pre.21":
  version "3.0.0-pre.21"
  resolved "https://registry.yarnpkg.com/@polymer/iron-form-element-behavior/-/iron-form-element-behavior-3.0.0-pre.21.tgz#47b2aa9e4c335f77264a370534e23fe6ec83457b"
  dependencies:
    "@polymer/polymer" "^3.0.0"

"@polymer/iron-icon@^3.0.0-pre.21":
  version "3.0.0-pre.21"
  resolved "https://registry.yarnpkg.com/@polymer/iron-icon/-/iron-icon-3.0.0-pre.21.tgz#5ef3e483f02823778e99c1b5e16ddac472b5dce5"
  dependencies:
    "@polymer/iron-flex-layout" "^3.0.0-pre.21"
    "@polymer/iron-meta" "^3.0.0-pre.21"
    "@polymer/polymer" "^3.0.0"

"@polymer/iron-icons@^3.0.0-pre.21":
  version "3.0.0-pre.21"
  resolved "https://registry.yarnpkg.com/@polymer/iron-icons/-/iron-icons-3.0.0-pre.21.tgz#71cfd157b21f55a931bcc101650aab15825010e4"
  dependencies:
    "@polymer/iron-icon" "^3.0.0-pre.21"
    "@polymer/iron-iconset-svg" "^3.0.0-pre.21"
    "@polymer/polymer" "^3.0.0"

"@polymer/iron-iconset-svg@^3.0.0-pre.21":
  version "3.0.0-pre.21"
  resolved "https://registry.yarnpkg.com/@polymer/iron-iconset-svg/-/iron-iconset-svg-3.0.0-pre.21.tgz#1248f341837789801a9000cdd3b3453b59f91021"
  dependencies:
    "@polymer/iron-meta" "^3.0.0-pre.21"
    "@polymer/polymer" "^3.0.0"

"@polymer/iron-input@^3.0.0-pre.21":
  version "3.0.0-pre.21"
  resolved "https://registry.yarnpkg.com/@polymer/iron-input/-/iron-input-3.0.0-pre.21.tgz#181f823406e71134c6ed42dd19094d1cb194329a"
  dependencies:
    "@polymer/iron-a11y-announcer" "^3.0.0-pre.21"
    "@polymer/iron-validatable-behavior" "^3.0.0-pre.21"
    "@polymer/polymer" "^3.0.0"

"@polymer/iron-location@^3.0.0-pre.20":
  version "3.0.0-pre.21"
  resolved "https://registry.yarnpkg.com/@polymer/iron-location/-/iron-location-3.0.0-pre.21.tgz#0f4cd58a79e12767f2c993bbc0cdbd0487e78040"
  dependencies:
    "@polymer/polymer" "^3.0.0"

"@polymer/iron-menu-behavior@^3.0.0-pre.21":
  version "3.0.0-pre.21"
  resolved "https://registry.yarnpkg.com/@polymer/iron-menu-behavior/-/iron-menu-behavior-3.0.0-pre.21.tgz#b22dc98c5db0a7c22b667c8b0e73828e227c2aff"
  dependencies:
    "@polymer/iron-a11y-keys-behavior" "^3.0.0-pre.21"
    "@polymer/iron-flex-layout" "^3.0.0-pre.21"
    "@polymer/iron-selector" "^3.0.0-pre.21"
    "@polymer/polymer" "^3.0.0"

"@polymer/iron-meta@^3.0.0-pre.21":
  version "3.0.0-pre.21"
  resolved "https://registry.yarnpkg.com/@polymer/iron-meta/-/iron-meta-3.0.0-pre.21.tgz#e74ab386a1b490031e329f7ec032316bec24fa2a"
  dependencies:
    "@polymer/polymer" "^3.0.0"

"@polymer/iron-overlay-behavior@^3.0.0-pre.21":
  version "3.0.0-pre.21"
  resolved "https://registry.yarnpkg.com/@polymer/iron-overlay-behavior/-/iron-overlay-behavior-3.0.0-pre.21.tgz#d27144c901f3daf56217baaa2762aa7b87611e82"
  dependencies:
    "@polymer/iron-a11y-keys-behavior" "^3.0.0-pre.21"
    "@polymer/iron-fit-behavior" "^3.0.0-pre.21"
    "@polymer/iron-resizable-behavior" "^3.0.0-pre.21"
    "@polymer/polymer" "^3.0.0"

"@polymer/iron-pages@^3.0.0-pre.21":
  version "3.0.0-pre.21"
  resolved "https://registry.yarnpkg.com/@polymer/iron-pages/-/iron-pages-3.0.0-pre.21.tgz#976c5d16542c80c8bedf948b0485423ccfa5d543"
  dependencies:
    "@polymer/iron-resizable-behavior" "^3.0.0-pre.21"
    "@polymer/iron-selector" "^3.0.0-pre.21"
    "@polymer/polymer" "^3.0.0"

"@polymer/iron-resizable-behavior@^3.0.0-pre.21":
  version "3.0.0-pre.21"
  resolved "https://registry.yarnpkg.com/@polymer/iron-resizable-behavior/-/iron-resizable-behavior-3.0.0-pre.21.tgz#839ab0f194fd85921146d80970afe29ba835b7d7"
  dependencies:
    "@polymer/polymer" "^3.0.0"

"@polymer/iron-selector@^3.0.0-pre.21":
  version "3.0.0-pre.21"
  resolved "https://registry.yarnpkg.com/@polymer/iron-selector/-/iron-selector-3.0.0-pre.21.tgz#02532f772f5811a72bf3cb38776e3cc319288990"
  dependencies:
    "@polymer/polymer" "^3.0.0"

"@polymer/iron-validatable-behavior@^3.0.0-pre.21":
  version "3.0.0-pre.21"
  resolved "https://registry.yarnpkg.com/@polymer/iron-validatable-behavior/-/iron-validatable-behavior-3.0.0-pre.21.tgz#3c26ed42c0221a1b34d3cfb39c4d1a3b68d67ffe"
  dependencies:
    "@polymer/iron-meta" "^3.0.0-pre.21"
    "@polymer/polymer" "^3.0.0"

"@polymer/neon-animation@^3.0.0-pre.21":
  version "3.0.0-pre.21"
  resolved "https://registry.yarnpkg.com/@polymer/neon-animation/-/neon-animation-3.0.0-pre.21.tgz#5a179b0091b52a32b82aa7a80e6ea8ff2f7d17e8"
  dependencies:
    "@polymer/iron-resizable-behavior" "^3.0.0-pre.21"
    "@polymer/iron-selector" "^3.0.0-pre.21"
    "@polymer/polymer" "^3.0.0"

"@polymer/paper-behaviors@^3.0.0-pre.21":
  version "3.0.0-pre.21"
  resolved "https://registry.yarnpkg.com/@polymer/paper-behaviors/-/paper-behaviors-3.0.0-pre.21.tgz#be01b8a101c221fc3a100350028cc55107b5db14"
  dependencies:
    "@polymer/iron-behaviors" "^3.0.0-pre.21"
    "@polymer/iron-checked-element-behavior" "^3.0.0-pre.21"
    "@polymer/paper-ripple" "^3.0.0-pre.21"
    "@polymer/polymer" "^3.0.0"

"@polymer/paper-button@^3.0.0-pre.21":
  version "3.0.0-pre.21"
  resolved "https://registry.yarnpkg.com/@polymer/paper-button/-/paper-button-3.0.0-pre.21.tgz#fa3531b0fe3fe45371249fdb27ea7763a53aab80"
  dependencies:
    "@polymer/iron-flex-layout" "^3.0.0-pre.21"
    "@polymer/paper-behaviors" "^3.0.0-pre.21"
    "@polymer/paper-styles" "^3.0.0-pre.21"
    "@polymer/polymer" "^3.0.0"

"@polymer/paper-dropdown-menu@^3.0.0-pre.21":
  version "3.0.0-pre.21"
  resolved "https://registry.yarnpkg.com/@polymer/paper-dropdown-menu/-/paper-dropdown-menu-3.0.0-pre.21.tgz#b41eceba3704e7d8318aa93c8c34a25d56696513"
  dependencies:
    "@polymer/iron-a11y-keys-behavior" "^3.0.0-pre.21"
    "@polymer/iron-form-element-behavior" "^3.0.0-pre.21"
    "@polymer/iron-icon" "^3.0.0-pre.21"
    "@polymer/iron-iconset-svg" "^3.0.0-pre.21"
    "@polymer/iron-validatable-behavior" "^3.0.0-pre.21"
    "@polymer/paper-behaviors" "^3.0.0-pre.21"
    "@polymer/paper-input" "^3.0.0-pre.21"
    "@polymer/paper-menu-button" "^3.0.0-pre.21"
    "@polymer/paper-ripple" "^3.0.0-pre.21"
    "@polymer/paper-styles" "^3.0.0-pre.21"
    "@polymer/polymer" "^3.0.0"

"@polymer/paper-input@^3.0.0-pre.21":
  version "3.0.0-pre.21"
  resolved "https://registry.yarnpkg.com/@polymer/paper-input/-/paper-input-3.0.0-pre.21.tgz#637ccb08c53604bf8334f8c0b7f764e509afb424"
  dependencies:
    "@polymer/iron-a11y-keys-behavior" "^3.0.0-pre.21"
    "@polymer/iron-autogrow-textarea" "^3.0.0-pre.21"
    "@polymer/iron-behaviors" "^3.0.0-pre.21"
    "@polymer/iron-form-element-behavior" "^3.0.0-pre.21"
    "@polymer/iron-input" "^3.0.0-pre.21"
    "@polymer/paper-styles" "^3.0.0-pre.21"
    "@polymer/polymer" "^3.0.0"

"@polymer/paper-item@^3.0.0-pre.21":
  version "3.0.0-pre.21"
  resolved "https://registry.yarnpkg.com/@polymer/paper-item/-/paper-item-3.0.0-pre.21.tgz#d6831de2e3c7d457f30754b0dcf1b9e2aa20cbf3"
  dependencies:
    "@polymer/iron-behaviors" "^3.0.0-pre.21"
    "@polymer/iron-flex-layout" "^3.0.0-pre.21"
    "@polymer/paper-styles" "^3.0.0-pre.21"
    "@polymer/polymer" "^3.0.0"

"@polymer/paper-listbox@^3.0.0-pre.21":
  version "3.0.0-pre.21"
  resolved "https://registry.yarnpkg.com/@polymer/paper-listbox/-/paper-listbox-3.0.0-pre.21.tgz#c9e5fda9e7b7888b3be9610d8747c67c1e450883"
  dependencies:
    "@polymer/iron-behaviors" "^3.0.0-pre.21"
    "@polymer/iron-menu-behavior" "^3.0.0-pre.21"
    "@polymer/paper-styles" "^3.0.0-pre.21"
    "@polymer/polymer" "^3.0.0"

"@polymer/paper-menu-button@^3.0.0-pre.21":
  version "3.0.0-pre.21"
  resolved "https://registry.yarnpkg.com/@polymer/paper-menu-button/-/paper-menu-button-3.0.0-pre.21.tgz#fff179416c65f59ad856ed3d01b5d77b329be71a"
  dependencies:
    "@polymer/iron-a11y-keys-behavior" "^3.0.0-pre.21"
    "@polymer/iron-behaviors" "^3.0.0-pre.21"
    "@polymer/iron-dropdown" "^3.0.0-pre.21"
    "@polymer/iron-fit-behavior" "^3.0.0-pre.21"
    "@polymer/neon-animation" "^3.0.0-pre.21"
    "@polymer/paper-styles" "^3.0.0-pre.21"
    "@polymer/polymer" "^3.0.0"

"@polymer/paper-ripple@^3.0.0-pre.21":
  version "3.0.0-pre.21"
  resolved "https://registry.yarnpkg.com/@polymer/paper-ripple/-/paper-ripple-3.0.0-pre.21.tgz#9375760af161c142591b3a0a1d4db299fb174067"
  dependencies:
    "@polymer/iron-a11y-keys-behavior" "^3.0.0-pre.21"
    "@polymer/polymer" "^3.0.0"

"@polymer/paper-spinner@^3.0.0-pre.21":
  version "3.0.0-pre.21"
  resolved "https://registry.yarnpkg.com/@polymer/paper-spinner/-/paper-spinner-3.0.0-pre.21.tgz#64e3d3426378d522b48ddf8f653d3ae2375a9a76"
  dependencies:
    "@polymer/paper-styles" "^3.0.0-pre.21"
    "@polymer/polymer" "^3.0.0"

"@polymer/paper-styles@^3.0.0-pre.21":
  version "3.0.0-pre.21"
  resolved "https://registry.yarnpkg.com/@polymer/paper-styles/-/paper-styles-3.0.0-pre.21.tgz#9406bdb3c22c3d132086fae50079d0b5bf5c0541"
  dependencies:
    "@polymer/font-roboto" "^3.0.0-pre.21"
    "@polymer/iron-flex-layout" "^3.0.0-pre.21"
    "@polymer/polymer" "^3.0.0"

"@polymer/paper-toast@^3.0.0-pre.21":
  version "3.0.0-pre.21"
  resolved "https://registry.yarnpkg.com/@polymer/paper-toast/-/paper-toast-3.0.0-pre.21.tgz#5ecea2a4f05616b2d4839e2d0ebf65b3fbf958ab"
  dependencies:
    "@polymer/iron-a11y-announcer" "^3.0.0-pre.21"
    "@polymer/iron-fit-behavior" "^3.0.0-pre.21"
    "@polymer/iron-overlay-behavior" "^3.0.0-pre.21"
    "@polymer/polymer" "^3.0.0"

"@polymer/polymer@^3.0.0", "@polymer/polymer@^3.0.0-pre.12":
  version "3.0.5"
  resolved "https://registry.yarnpkg.com/@polymer/polymer/-/polymer-3.0.5.tgz#eaa42e70df7de818b5e1839452c82a5f83e39929"
  dependencies:
    "@webcomponents/shadycss" "^1.2.0"

"@webcomponents/shadycss@^1.2.0":
  version "1.4.0"
  resolved "https://registry.yarnpkg.com/@webcomponents/shadycss/-/shadycss-1.4.0.tgz#2b2b66443252f81d02ebb2dd139e4a717655bfa9"

"@webcomponents/webcomponentsjs@1.0.20", "@webcomponents/webcomponentsjs@^1.0.20":
  version "1.0.20"
  resolved "https://registry.yarnpkg.com/@webcomponents/webcomponentsjs/-/webcomponentsjs-1.0.20.tgz#bac97c9709a3130241da4c2c85710e1dc8775b1c"

web-animations-js@^2.3.1:
  version "2.3.1"
  resolved "https://registry.yarnpkg.com/web-animations-js/-/web-animations-js-2.3.1.tgz#3a6d9bc15196377a90f8e2803fa5262165b04510"
